
Microsoft Visual Studio Solution File, Format Version 12.00
# Visual Studio Version 16
VisualStudioVersion = 16.0.29418.71
MinimumVisualStudioVersion = 10.0.40219.1
Project("{2150E333-8FDC-42A3-9474-1A3956D46DE8}") = "_Documentation", "_Documentation", "{95E703CE-117C-4B54-B564-F97D26FB61FF}"
	ProjectSection(SolutionItems) = preProject
		License = License
		ReadMe.md = ReadMe.md
	EndProjectSection
EndProject
Project("{2150E333-8FDC-42A3-9474-1A3956D46DE8}") = "Pipelines", "Pipelines", "{252EC5CC-6ED5-4DFF-B6AE-43A20BB1D50C}"
	ProjectSection(SolutionItems) = preProject
		Pipelines\ReadMe.md = Pipelines\ReadMe.md
	EndProjectSection
EndProject
Project("{2150E333-8FDC-42A3-9474-1A3956D46DE8}") = "Source", "Source", "{3B5C2AD6-E805-4A7C-A732-DB0331E33AB2}"
	ProjectSection(SolutionItems) = preProject
		Source\ReadMe.md = Source\ReadMe.md
	EndProjectSection
EndProject
Project("{2150E333-8FDC-42A3-9474-1A3956D46DE8}") = "Tests", "Tests", "{2B062F59-5222-4A5D-BDCD-27BA81905F4C}"
	ProjectSection(SolutionItems) = preProject
		Tests\ReadMe.md = Tests\ReadMe.md
	EndProjectSection
EndProject
Project("{2150E333-8FDC-42A3-9474-1A3956D46DE8}") = "CI", "CI", "{CCFB600D-345C-410A-8D54-738E903F722D}"
	ProjectSection(SolutionItems) = preProject
		Pipelines\CI\pipeline.yaml = Pipelines\CI\pipeline.yaml
		Pipelines\CI\ReadMe.md = Pipelines\CI\ReadMe.md
	EndProjectSection
EndProject
Project("{2150E333-8FDC-42A3-9474-1A3956D46DE8}") = "CD", "CD", "{53F0A238-07A8-4B0D-94AC-B1053F727DA9}"
	ProjectSection(SolutionItems) = preProject
		Pipelines\CD\pipeline.yaml = Pipelines\CD\pipeline.yaml
		Pipelines\CD\ReadMe.md = Pipelines\CD\ReadMe.md
	EndProjectSection
EndProject
Project("{2150E333-8FDC-42A3-9474-1A3956D46DE8}") = "Scripts", "Scripts", "{492FF499-B171-4ECF-837A-FD23A6057A1D}"
	ProjectSection(SolutionItems) = preProject
		..\..\Users\Jason\Downloads\header.sh = ..\..\Users\Jason\Downloads\header.sh
		Pipelines\Scripts\ReadMe.md = Pipelines\Scripts\ReadMe.md
	EndProjectSection
EndProject
Project("{2150E333-8FDC-42A3-9474-1A3956D46DE8}") = "_Source", "_Source", "{C2D67644-F077-450A-88BD-65327362D361}"
	ProjectSection(SolutionItems) = preProject
		Source\_Source\ReadMe.md = Source\_Source\ReadMe.md
	EndProjectSection
EndProject
Project("{2150E333-8FDC-42A3-9474-1A3956D46DE8}") = "Domain", "Domain", "{C39364FB-AB0E-4254-B37A-48474185685E}"
	ProjectSection(SolutionItems) = preProject
		Source\Domain\ReadMe.md = Source\Domain\ReadMe.md
	EndProjectSection
EndProject
Project("{2150E333-8FDC-42A3-9474-1A3956D46DE8}") = "Infrastructure", "Infrastructure", "{A683554C-8832-4264-8B3E-8BF6675AED17}"
	ProjectSection(SolutionItems) = preProject
		Source\Infrastructure\ReadMe.md = Source\Infrastructure\ReadMe.md
	EndProjectSection
EndProject
Project("{2150E333-8FDC-42A3-9474-1A3956D46DE8}") = "Presentation", "Presentation", "{FA1BC981-A970-4672-B79F-F6413E1DD5A9}"
	ProjectSection(SolutionItems) = preProject
		Source\Presentation\ReadMe.md = Source\Presentation\ReadMe.md
	EndProjectSection
EndProject
Project("{2150E333-8FDC-42A3-9474-1A3956D46DE8}") = "_Shared", "_Shared", "{C0B618CD-7163-4678-96AF-740DD6ED50D5}"
	ProjectSection(SolutionItems) = preProject
		Tests\_Shared\ReadMe.md = Tests\_Shared\ReadMe.md
	EndProjectSection
EndProject
Project("{2150E333-8FDC-42A3-9474-1A3956D46DE8}") = "Integration", "Integration", "{E21D57BD-A1E3-4E4F-88F1-725CCE1B38B3}"
	ProjectSection(SolutionItems) = preProject
		Tests\Integration\ReadMe.md = Tests\Integration\ReadMe.md
	EndProjectSection
EndProject
Project("{2150E333-8FDC-42A3-9474-1A3956D46DE8}") = "System", "System", "{39B42A53-9EDF-41E2-BD45-2C57D1999ACB}"
	ProjectSection(SolutionItems) = preProject
		Tests\System\ReadMe.md = Tests\System\ReadMe.md
	EndProjectSection
EndProject
Project("{2150E333-8FDC-42A3-9474-1A3956D46DE8}") = "Unit", "Unit", "{7F065DDC-70A1-4244-B88A-D15155FB0BE3}"
	ProjectSection(SolutionItems) = preProject
		Tests\Unit\ReadMe.md = Tests\Unit\ReadMe.md
	EndProjectSection
EndProject
Project("{9A19103F-16F7-4668-BE54-9A1E7A4F7556}") = "JasonMorsley.Dev.WalkingSkeleton.API", "Source\Presentation\JasonMorsley.Dev.WalkingSkeleton.API\JasonMorsley.Dev.WalkingSkeleton.API.csproj", "{A2E28FD8-733B-41AD-B82C-A5386BF2B2A0}"
EndProject
Project("{9A19103F-16F7-4668-BE54-9A1E7A4F7556}") = "JasonMorsley.Dev.WalkingSkeleton.API.Tests.Unit", "Tests\Unit\JasonMorsley.Dev.WalkingSkeleton.API.Tests.Unit\JasonMorsley.Dev.WalkingSkeleton.API.Tests.Unit.csproj", "{AD23E0F0-86DC-4C49-8A07-ED5D32DF7150}"
EndProject
Project("{2150E333-8FDC-42A3-9474-1A3956D46DE8}") = "Scripts", "Scripts", "{B5820947-3B91-4253-914E-784149F0E20E}"
	ProjectSection(SolutionItems) = preProject
		Pipelines\CI\Scripts\build.sh = Pipelines\CI\Scripts\build.sh
		Pipelines\CI\Scripts\containerise.sh = Pipelines\CI\Scripts\containerise.sh
		Pipelines\CI\Scripts\publish.sh = Pipelines\CI\Scripts\publish.sh
		Pipelines\CI\Scripts\unit-tests.sh = Pipelines\CI\Scripts\unit-tests.sh
	EndProjectSection
EndProject
Project("{2150E333-8FDC-42A3-9474-1A3956D46DE8}") = "Tasks", "Tasks", "{5C32445C-FF2A-4111-8A67-7FD7C49F2DC2}"
	ProjectSection(SolutionItems) = preProject
		Pipelines\CI\Tasks\build.yaml = Pipelines\CI\Tasks\build.yaml
		Pipelines\CI\Tasks\containerise.yaml = Pipelines\CI\Tasks\containerise.yaml
		Pipelines\CI\Tasks\publish.yaml = Pipelines\CI\Tasks\publish.yaml
		Pipelines\CI\Tasks\tree.yaml = Pipelines\CI\Tasks\tree.yaml
		Pipelines\CI\Tasks\unit-tests.yaml = Pipelines\CI\Tasks\unit-tests.yaml
	EndProjectSection
EndProject
Global
	GlobalSection(SolutionConfigurationPlatforms) = preSolution
		Debug|Any CPU = Debug|Any CPU
		Release|Any CPU = Release|Any CPU
	EndGlobalSection
	GlobalSection(ProjectConfigurationPlatforms) = postSolution
		{A2E28FD8-733B-41AD-B82C-A5386BF2B2A0}.Debug|Any CPU.ActiveCfg = Debug|Any CPU
		{A2E28FD8-733B-41AD-B82C-A5386BF2B2A0}.Debug|Any CPU.Build.0 = Debug|Any CPU
		{A2E28FD8-733B-41AD-B82C-A5386BF2B2A0}.Release|Any CPU.ActiveCfg = Release|Any CPU
		{A2E28FD8-733B-41AD-B82C-A5386BF2B2A0}.Release|Any CPU.Build.0 = Release|Any CPU
		{AD23E0F0-86DC-4C49-8A07-ED5D32DF7150}.Debug|Any CPU.ActiveCfg = Debug|Any CPU
		{AD23E0F0-86DC-4C49-8A07-ED5D32DF7150}.Debug|Any CPU.Build.0 = Debug|Any CPU
		{AD23E0F0-86DC-4C49-8A07-ED5D32DF7150}.Release|Any CPU.ActiveCfg = Release|Any CPU
		{AD23E0F0-86DC-4C49-8A07-ED5D32DF7150}.Release|Any CPU.Build.0 = Release|Any CPU
	EndGlobalSection
	GlobalSection(SolutionProperties) = preSolution
		HideSolutionNode = FALSE
	EndGlobalSection
	GlobalSection(NestedProjects) = preSolution
		{CCFB600D-345C-410A-8D54-738E903F722D} = {252EC5CC-6ED5-4DFF-B6AE-43A20BB1D50C}
		{53F0A238-07A8-4B0D-94AC-B1053F727DA9} = {252EC5CC-6ED5-4DFF-B6AE-43A20BB1D50C}
		{492FF499-B171-4ECF-837A-FD23A6057A1D} = {252EC5CC-6ED5-4DFF-B6AE-43A20BB1D50C}
		{C2D67644-F077-450A-88BD-65327362D361} = {3B5C2AD6-E805-4A7C-A732-DB0331E33AB2}
		{C39364FB-AB0E-4254-B37A-48474185685E} = {3B5C2AD6-E805-4A7C-A732-DB0331E33AB2}
		{A683554C-8832-4264-8B3E-8BF6675AED17} = {3B5C2AD6-E805-4A7C-A732-DB0331E33AB2}
		{FA1BC981-A970-4672-B79F-F6413E1DD5A9} = {3B5C2AD6-E805-4A7C-A732-DB0331E33AB2}
		{C0B618CD-7163-4678-96AF-740DD6ED50D5} = {2B062F59-5222-4A5D-BDCD-27BA81905F4C}
		{E21D57BD-A1E3-4E4F-88F1-725CCE1B38B3} = {2B062F59-5222-4A5D-BDCD-27BA81905F4C}
		{39B42A53-9EDF-41E2-BD45-2C57D1999ACB} = {2B062F59-5222-4A5D-BDCD-27BA81905F4C}
		{7F065DDC-70A1-4244-B88A-D15155FB0BE3} = {2B062F59-5222-4A5D-BDCD-27BA81905F4C}
		{A2E28FD8-733B-41AD-B82C-A5386BF2B2A0} = {FA1BC981-A970-4672-B79F-F6413E1DD5A9}
		{AD23E0F0-86DC-4C49-8A07-ED5D32DF7150} = {7F065DDC-70A1-4244-B88A-D15155FB0BE3}
		{B5820947-3B91-4253-914E-784149F0E20E} = {CCFB600D-345C-410A-8D54-738E903F722D}
		{5C32445C-FF2A-4111-8A67-7FD7C49F2DC2} = {CCFB600D-345C-410A-8D54-738E903F722D}
	EndGlobalSection
	GlobalSection(ExtensibilityGlobals) = postSolution
		SolutionGuid = {7FACC54E-B592-4C48-920B-C16422568F66}
	EndGlobalSection
EndGlobal
